dependencies:
- name: app-template
  repository: https://bjw-s.github.io/helm-charts
  version: 3.7.3
- name: common
  repository: https://charts.bitnami.com/bitnami
  version: 2.27.0
digest: sha256:6cb063a568bf85ece3dba064a0179b63fad12fe4db5c55b8e382554cb1525599
generated: "2025-04-06T04:53:06.021465+01:00"
